
Microsoft Visual Studio Solution File, Format Version 12.00
# Visual Studio 15
Project("{FAE04EC0-301F-11D3-BF4B-00C04F79EFBC}") = "UniHumanoid", "UniHumanoid.csproj", "{3B6D2624-08AD-AA12-B455-05BD3E8DAAAB}"
EndProject
Project("{FAE04EC0-301F-11D3-BF4B-00C04F79EFBC}") = "SpringBoneJobs", "SpringBoneJobs.csproj", "{DFC9B46D-1BD8-D7A6-9094-02D936943766}"
EndProject
Project("{FAE04EC0-301F-11D3-BF4B-00C04F79EFBC}") = "UniGLTF.Editor", "UniGLTF.Editor.csproj", "{8B76FEE8-B06B-85A3-DC3C-2763285DA8D8}"
EndProject
Project("{FAE04EC0-301F-11D3-BF4B-00C04F79EFBC}") = "UniGLTF", "UniGLTF.csproj", "{A7807396-E15C-930E-C5B2-3B5AFED8F9C3}"
EndProject
Project("{FAE04EC0-301F-11D3-BF4B-00C04F79EFBC}") = "VRM", "VRM.csproj", "{F1DDF98E-4321-5302-725C-5A93F6937729}"
EndProject
Project("{FAE04EC0-301F-11D3-BF4B-00C04F79EFBC}") = "UniGLTF.Tests", "UniGLTF.Tests.csproj", "{8F044D32-3677-2A4E-CE4D-6008D98CEFC7}"
EndProject
Project("{FAE04EC0-301F-11D3-BF4B-00C04F79EFBC}") = "MToon", "MToon.csproj", "{50C0E443-8D22-A6F9-FFCC-8356C58784A2}"
EndProject
Project("{FAE04EC0-301F-11D3-BF4B-00C04F79EFBC}") = "UniVRM.Editor", "UniVRM.Editor.csproj", "{6EEB447E-C538-C90B-0911-253E0ADC2FD1}"
EndProject
Project("{FAE04EC0-301F-11D3-BF4B-00C04F79EFBC}") = "VRM.Tests", "VRM.Tests.csproj", "{AD620850-9EE4-2B8B-1403-F4C62E7F8293}"
EndProject
Project("{FAE04EC0-301F-11D3-BF4B-00C04F79EFBC}") = "MToon.Editor", "MToon.Editor.csproj", "{99ACEE68-77EA-FBC0-0CFA-99ECF15243E0}"
EndProject
Project("{FAE04EC0-301F-11D3-BF4B-00C04F79EFBC}") = "UniHumanoid.Editor", "UniHumanoid.Editor.csproj", "{E6D696E5-10DC-809F-5B84-6E8A0775C0CB}"
EndProject
Project("{FAE04EC0-301F-11D3-BF4B-00C04F79EFBC}") = "VRM.Samples.Editor.Tests", "VRM.Samples.Editor.Tests.csproj", "{0A13B3AF-0383-1503-0132-6584A608D069}"
EndProject
Project("{FAE04EC0-301F-11D3-BF4B-00C04F79EFBC}") = "UniGLTF.UniUnlit", "UniGLTF.UniUnlit.csproj", "{7636DDF5-91C5-215B-3421-5CD17050957B}"
EndProject
Project("{FAE04EC0-301F-11D3-BF4B-00C04F79EFBC}") = "UniHumanoid.Editor.Tests", "UniHumanoid.Editor.Tests.csproj", "{8C011558-58E7-5BCB-B22C-C221BC133851}"
EndProject
Project("{FAE04EC0-301F-11D3-BF4B-00C04F79EFBC}") = "UniGLTF.UniUnlit.Editor", "UniGLTF.UniUnlit.Editor.csproj", "{E9D6C5AB-9EDF-ACEE-DDAA-07D80979C60C}"
EndProject
Project("{FAE04EC0-301F-11D3-BF4B-00C04F79EFBC}") = "UniGLTF.Utils", "UniGLTF.Utils.csproj", "{46DEA125-D8A3-F395-D21A-8E25A688BAC4}"
EndProject
Project("{FAE04EC0-301F-11D3-BF4B-00C04F79EFBC}") = "Assembly-CSharp", "Assembly-CSharp.csproj", "{63AA583B-5275-CD1F-C3F8-0D5B640DAA82}"
EndProject
Global
	GlobalSection(SolutionConfigurationPlatforms) = preSolution
		Debug|Any CPU = Debug|Any CPU
		Release|Any CPU = Release|Any CPU
	EndGlobalSection
	GlobalSection(ProjectConfigurationPlatforms) = postSolution
		{3B6D2624-08AD-AA12-B455-05BD3E8DAAAB}.Debug|Any CPU.ActiveCfg = Debug|Any CPU
		{3B6D2624-08AD-AA12-B455-05BD3E8DAAAB}.Debug|Any CPU.Build.0 = Debug|Any CPU
		{3B6D2624-08AD-AA12-B455-05BD3E8DAAAB}.Release|Any CPU.ActiveCfg = Release|Any CPU
		{3B6D2624-08AD-AA12-B455-05BD3E8DAAAB}.Release|Any CPU.Build.0 = Release|Any CPU
		{DFC9B46D-1BD8-D7A6-9094-02D936943766}.Debug|Any CPU.ActiveCfg = Debug|Any CPU
		{DFC9B46D-1BD8-D7A6-9094-02D936943766}.Debug|Any CPU.Build.0 = Debug|Any CPU
		{DFC9B46D-1BD8-D7A6-9094-02D936943766}.Release|Any CPU.ActiveCfg = Release|Any CPU
		{DFC9B46D-1BD8-D7A6-9094-02D936943766}.Release|Any CPU.Build.0 = Release|Any CPU
		{8B76FEE8-B06B-85A3-DC3C-2763285DA8D8}.Debug|Any CPU.ActiveCfg = Debug|Any CPU
		{8B76FEE8-B06B-85A3-DC3C-2763285DA8D8}.Debug|Any CPU.Build.0 = Debug|Any CPU
		{8B76FEE8-B06B-85A3-DC3C-2763285DA8D8}.Release|Any CPU.ActiveCfg = Release|Any CPU
		{8B76FEE8-B06B-85A3-DC3C-2763285DA8D8}.Release|Any CPU.Build.0 = Release|Any CPU
		{A7807396-E15C-930E-C5B2-3B5AFED8F9C3}.Debug|Any CPU.ActiveCfg = Debug|Any CPU
		{A7807396-E15C-930E-C5B2-3B5AFED8F9C3}.Debug|Any CPU.Build.0 = Debug|Any CPU
		{A7807396-E15C-930E-C5B2-3B5AFED8F9C3}.Release|Any CPU.ActiveCfg = Release|Any CPU
		{A7807396-E15C-930E-C5B2-3B5AFED8F9C3}.Release|Any CPU.Build.0 = Release|Any CPU
		{F1DDF98E-4321-5302-725C-5A93F6937729}.Debug|Any CPU.ActiveCfg = Debug|Any CPU
		{F1DDF98E-4321-5302-725C-5A93F6937729}.Debug|Any CPU.Build.0 = Debug|Any CPU
		{F1DDF98E-4321-5302-725C-5A93F6937729}.Release|Any CPU.ActiveCfg = Release|Any CPU
		{F1DDF98E-4321-5302-725C-5A93F6937729}.Release|Any CPU.Build.0 = Release|Any CPU
		{8F044D32-3677-2A4E-CE4D-6008D98CEFC7}.Debug|Any CPU.ActiveCfg = Debug|Any CPU
		{8F044D32-3677-2A4E-CE4D-6008D98CEFC7}.Debug|Any CPU.Build.0 = Debug|Any CPU
		{8F044D32-3677-2A4E-CE4D-6008D98CEFC7}.Release|Any CPU.ActiveCfg = Release|Any CPU
		{8F044D32-3677-2A4E-CE4D-6008D98CEFC7}.Release|Any CPU.Build.0 = Release|Any CPU
		{50C0E443-8D22-A6F9-FFCC-8356C58784A2}.Debug|Any CPU.ActiveCfg = Debug|Any CPU
		{50C0E443-8D22-A6F9-FFCC-8356C58784A2}.Debug|Any CPU.Build.0 = Debug|Any CPU
		{50C0E443-8D22-A6F9-FFCC-8356C58784A2}.Release|Any CPU.ActiveCfg = Release|Any CPU
		{50C0E443-8D22-A6F9-FFCC-8356C58784A2}.Release|Any CPU.Build.0 = Release|Any CPU
		{6EEB447E-C538-C90B-0911-253E0ADC2FD1}.Debug|Any CPU.ActiveCfg = Debug|Any CPU
		{6EEB447E-C538-C90B-0911-253E0ADC2FD1}.Debug|Any CPU.Build.0 = Debug|Any CPU
		{6EEB447E-C538-C90B-0911-253E0ADC2FD1}.Release|Any CPU.ActiveCfg = Release|Any CPU
		{6EEB447E-C538-C90B-0911-253E0ADC2FD1}.Release|Any CPU.Build.0 = Release|Any CPU
		{AD620850-9EE4-2B8B-1403-F4C62E7F8293}.Debug|Any CPU.ActiveCfg = Debug|Any CPU
		{AD620850-9EE4-2B8B-1403-F4C62E7F8293}.Debug|Any CPU.Build.0 = Debug|Any CPU
		{AD620850-9EE4-2B8B-1403-F4C62E7F8293}.Release|Any CPU.ActiveCfg = Release|Any CPU
		{AD620850-9EE4-2B8B-1403-F4C62E7F8293}.Release|Any CPU.Build.0 = Release|Any CPU
		{99ACEE68-77EA-FBC0-0CFA-99ECF15243E0}.Debug|Any CPU.ActiveCfg = Debug|Any CPU
		{99ACEE68-77EA-FBC0-0CFA-99ECF15243E0}.Debug|Any CPU.Build.0 = Debug|Any CPU
		{99ACEE68-77EA-FBC0-0CFA-99ECF15243E0}.Release|Any CPU.ActiveCfg = Release|Any CPU
		{99ACEE68-77EA-FBC0-0CFA-99ECF15243E0}.Release|Any CPU.Build.0 = Release|Any CPU
		{E6D696E5-10DC-809F-5B84-6E8A0775C0CB}.Debug|Any CPU.ActiveCfg = Debug|Any CPU
		{E6D696E5-10DC-809F-5B84-6E8A0775C0CB}.Debug|Any CPU.Build.0 = Debug|Any CPU
		{E6D696E5-10DC-809F-5B84-6E8A0775C0CB}.Release|Any CPU.ActiveCfg = Release|Any CPU
		{E6D696E5-10DC-809F-5B84-6E8A0775C0CB}.Release|Any CPU.Build.0 = Release|Any CPU
		{0A13B3AF-0383-1503-0132-6584A608D069}.Debug|Any CPU.ActiveCfg = Debug|Any CPU
		{0A13B3AF-0383-1503-0132-6584A608D069}.Debug|Any CPU.Build.0 = Debug|Any CPU
		{0A13B3AF-0383-1503-0132-6584A608D069}.Release|Any CPU.ActiveCfg = Release|Any CPU
		{0A13B3AF-0383-1503-0132-6584A608D069}.Release|Any CPU.Build.0 = Release|Any CPU
		{7636DDF5-91C5-215B-3421-5CD17050957B}.Debug|Any CPU.ActiveCfg = Debug|Any CPU
		{7636DDF5-91C5-215B-3421-5CD17050957B}.Debug|Any CPU.Build.0 = Debug|Any CPU
		{7636DDF5-91C5-215B-3421-5CD17050957B}.Release|Any CPU.ActiveCfg = Release|Any CPU
		{7636DDF5-91C5-215B-3421-5CD17050957B}.Release|Any CPU.Build.0 = Release|Any CPU
		{8C011558-58E7-5BCB-B22C-C221BC133851}.Debug|Any CPU.ActiveCfg = Debug|Any CPU
		{8C011558-58E7-5BCB-B22C-C221BC133851}.Debug|Any CPU.Build.0 = Debug|Any CPU
		{8C011558-58E7-5BCB-B22C-C221BC133851}.Release|Any CPU.ActiveCfg = Release|Any CPU
		{8C011558-58E7-5BCB-B22C-C221BC133851}.Release|Any CPU.Build.0 = Release|Any CPU
		{E9D6C5AB-9EDF-ACEE-DDAA-07D80979C60C}.Debug|Any CPU.ActiveCfg = Debug|Any CPU
		{E9D6C5AB-9EDF-ACEE-DDAA-07D80979C60C}.Debug|Any CPU.Build.0 = Debug|Any CPU
		{E9D6C5AB-9EDF-ACEE-DDAA-07D80979C60C}.Release|Any CPU.ActiveCfg = Release|Any CPU
		{E9D6C5AB-9EDF-ACEE-DDAA-07D80979C60C}.Release|Any CPU.Build.0 = Release|Any CPU
		{46DEA125-D8A3-F395-D21A-8E25A688BAC4}.Debug|Any CPU.ActiveCfg = Debug|Any CPU
		{46DEA125-D8A3-F395-D21A-8E25A688BAC4}.Debug|Any CPU.Build.0 = Debug|Any CPU
		{46DEA125-D8A3-F395-D21A-8E25A688BAC4}.Release|Any CPU.ActiveCfg = Release|Any CPU
		{46DEA125-D8A3-F395-D21A-8E25A688BAC4}.Release|Any CPU.Build.0 = Release|Any CPU
		{63AA583B-5275-CD1F-C3F8-0D5B640DAA82}.Debug|Any CPU.ActiveCfg = Debug|Any CPU
		{63AA583B-5275-CD1F-C3F8-0D5B640DAA82}.Debug|Any CPU.Build.0 = Debug|Any CPU
		{63AA583B-5275-CD1F-C3F8-0D5B640DAA82}.Release|Any CPU.ActiveCfg = Release|Any CPU
		{63AA583B-5275-CD1F-C3F8-0D5B640DAA82}.Release|Any CPU.Build.0 = Release|Any CPU
	EndGlobalSection
	GlobalSection(SolutionProperties) = preSolution
		HideSolutionNode = FALSE
	EndGlobalSection
EndGlobal
